
Microsoft Visual Studio Solution File, Format Version 12.00
# Visual Studio Express 2012 for Windows Desktop
Project("{FAE04EC0-301F-11D3-BF4B-00C04F79EFBC}") = "Cruceros_frba", "Cruceros_frba\Cruceros_frba.csproj", "{394E24E6-7C14-4082-BCFA-4F627BF37C2C}"
EndProject
Project("{FAE04EC0-301F-11D3-BF4B-00C04F79EFBC}") = "CapaDatos", "CapaDatos\CapaDatos.csproj", "{9F347A9B-4985-4877-ADE4-9F0FFA94FE37}"
EndProject
Project("{FAE04EC0-301F-11D3-BF4B-00C04F79EFBC}") = "CapaNegocio", "CapaDominio\CapaNegocio.csproj", "{1A4C8FD8-AB91-428D-8C8E-7FD8DBCA754A}"
EndProject
Project("{FAE04EC0-301F-11D3-BF4B-00C04F79EFBC}") = "CapaPresentacion", "CapaPresentacion\CapaPresentacion.csproj", "{CA90F35C-101C-4D9A-B5BB-E2EA555E3F09}"
EndProject
Global
	GlobalSection(SolutionConfigurationPlatforms) = preSolution
		Debug|Any CPU = Debug|Any CPU
		Release|Any CPU = Release|Any CPU
	EndGlobalSection
	GlobalSection(ProjectConfigurationPlatforms) = postSolution
		{394E24E6-7C14-4082-BCFA-4F627BF37C2C}.Debug|Any CPU.ActiveCfg = Debug|Any CPU
		{394E24E6-7C14-4082-BCFA-4F627BF37C2C}.Debug|Any CPU.Build.0 = Debug|Any CPU
		{394E24E6-7C14-4082-BCFA-4F627BF37C2C}.Release|Any CPU.ActiveCfg = Release|Any CPU
		{394E24E6-7C14-4082-BCFA-4F627BF37C2C}.Release|Any CPU.Build.0 = Release|Any CPU
		{9F347A9B-4985-4877-ADE4-9F0FFA94FE37}.Debug|Any CPU.ActiveCfg = Debug|Any CPU
		{9F347A9B-4985-4877-ADE4-9F0FFA94FE37}.Debug|Any CPU.Build.0 = Debug|Any CPU
		{9F347A9B-4985-4877-ADE4-9F0FFA94FE37}.Release|Any CPU.ActiveCfg = Release|Any CPU
		{9F347A9B-4985-4877-ADE4-9F0FFA94FE37}.Release|Any CPU.Build.0 = Release|Any CPU
		{1A4C8FD8-AB91-428D-8C8E-7FD8DBCA754A}.Debug|Any CPU.ActiveCfg = Debug|Any CPU
		{1A4C8FD8-AB91-428D-8C8E-7FD8DBCA754A}.Debug|Any CPU.Build.0 = Debug|Any CPU
		{1A4C8FD8-AB91-428D-8C8E-7FD8DBCA754A}.Release|Any CPU.ActiveCfg = Release|Any CPU
		{1A4C8FD8-AB91-428D-8C8E-7FD8DBCA754A}.Release|Any CPU.Build.0 = Release|Any CPU
		{CA90F35C-101C-4D9A-B5BB-E2EA555E3F09}.Debug|Any CPU.ActiveCfg = Debug|Any CPU
		{CA90F35C-101C-4D9A-B5BB-E2EA555E3F09}.Debug|Any CPU.Build.0 = Debug|Any CPU
		{CA90F35C-101C-4D9A-B5BB-E2EA555E3F09}.Release|Any CPU.ActiveCfg = Release|Any CPU
		{CA90F35C-101C-4D9A-B5BB-E2EA555E3F09}.Release|Any CPU.Build.0 = Release|Any CPU
	EndGlobalSection
	GlobalSection(SolutionProperties) = preSolution
		HideSolutionNode = FALSE
	EndGlobalSection
EndGlobal
